// !$*UTF8*$!
{
	archiveVersion = 1;
	classes = {
	};
	objectVersion = 77;
	objects = {

/* Begin PBXBuildFile section */
		1B3939BD1EADE15A4DEE779D /* PreferencesView.swift in Sources */ = {isa = PBXBuildFile; fileRef = 9C78C642E4928955881D5111 /* PreferencesView.swift */; };
		485CEA921693FBDE97868F5A /* SessionDetailView.swift in Sources */ = {isa = PBXBuildFile; fileRef = 93DE69A257F0819512FD82E8 /* SessionDetailView.swift */; };
		4CB955BD4361FD2B4B8FEB18 /* ContentView.swift in Sources */ = {isa = PBXBuildFile; fileRef = 636C292AA08B39892FB74252 /* ContentView.swift */; };
		5D4519C034A6FC9759D66DC5 /* SessionListView.swift in Sources */ = {isa = PBXBuildFile; fileRef = 90BA07482542A758D406946E /* SessionListView.swift */; };
		80EBA16B443DB7B038D4A646 /* Transcript.swift in Sources */ = {isa = PBXBuildFile; fileRef = 79ABD2332DF9B2BF609C249D /* Transcript.swift */; };
		98EFD7F3DCCDEAE739795983 /* Preferences.swift in Sources */ = {isa = PBXBuildFile; fileRef = 85BA3F697A7FF80BC5E1F360 /* Preferences.swift */; };
		BA8E5E3800281F78D519F5F3 /* RecordingPanel.swift in Sources */ = {isa = PBXBuildFile; fileRef = FB790FDB36C402168E40A957 /* RecordingPanel.swift */; };
		E70FB65D14AC3520FCD8F972 /* Device.swift in Sources */ = {isa = PBXBuildFile; fileRef = 4E32DEB94603B78AFF17A546 /* Device.swift */; };
		E7453DE5A085399FC34DF457 /* App.swift in Sources */ = {isa = PBXBuildFile; fileRef = C1A85E0D09AA40035C257CB5 /* App.swift */; };
		F3BFE9FF434A3BAD7BD3C3F4 /* WorkerClient.swift in Sources */ = {isa = PBXBuildFile; fileRef = 9E447862E9BDAFC76CC0B67E /* WorkerClient.swift */; };
		F3D175F703FDE2577D318C6C /* Session.swift in Sources */ = {isa = PBXBuildFile; fileRef = F2AACFF88BEEA610027A7F1B /* Session.swift */; };
		F4143CF5DA7E2DE3EE3C4D4C /* SessionStore.swift in Sources */ = {isa = PBXBuildFile; fileRef = C8AA49AE084FCE1C780B17B8 /* SessionStore.swift */; };
/* End PBXBuildFile section */

/* Begin PBXFileReference section */
		304C57D1A4EA2AF9C5E89A4E /* OpenCallNotes.app */ = {isa = PBXFileReference; explicitFileType = wrapper.application; includeInIndex = 0; path = OpenCallNotes.app; sourceTree = BUILT_PRODUCTS_DIR; };
		4E32DEB94603B78AFF17A546 /* Device.swift */ = {isa = PBXFileReference; lastKnownFileType = sourcecode.swift; path = Device.swift; sourceTree = "<group>"; };
		636C292AA08B39892FB74252 /* ContentView.swift */ = {isa = PBXFileReference; lastKnownFileType = sourcecode.swift; path = ContentView.swift; sourceTree = "<group>"; };
		79ABD2332DF9B2BF609C249D /* Transcript.swift */ = {isa = PBXFileReference; lastKnownFileType = sourcecode.swift; path = Transcript.swift; sourceTree = "<group>"; };
		85BA3F697A7FF80BC5E1F360 /* Preferences.swift */ = {isa = PBXFileReference; lastKnownFileType = sourcecode.swift; path = Preferences.swift; sourceTree = "<group>"; };
		90BA07482542A758D406946E /* SessionListView.swift */ = {isa = PBXFileReference; lastKnownFileType = sourcecode.swift; path = SessionListView.swift; sourceTree = "<group>"; };
		93DE69A257F0819512FD82E8 /* SessionDetailView.swift */ = {isa = PBXFileReference; lastKnownFileType = sourcecode.swift; path = SessionDetailView.swift; sourceTree = "<group>"; };
		982E045F6F970EE3AAA56E53 /* OpenCallNotes.entitlements */ = {isa = PBXFileReference; lastKnownFileType = text.plist.entitlements; path = OpenCallNotes.entitlements; sourceTree = "<group>"; };
		9C78C642E4928955881D5111 /* PreferencesView.swift */ = {isa = PBXFileReference; lastKnownFileType = sourcecode.swift; path = PreferencesView.swift; sourceTree = "<group>"; };
		9E447862E9BDAFC76CC0B67E /* WorkerClient.swift */ = {isa = PBXFileReference; lastKnownFileType = sourcecode.swift; path = WorkerClient.swift; sourceTree = "<group>"; };
		A811F2FA42772784BEF0D77C /* Info.plist */ = {isa = PBXFileReference; lastKnownFileType = text.plist; path = Info.plist; sourceTree = "<group>"; };
		C1A85E0D09AA40035C257CB5 /* App.swift */ = {isa = PBXFileReference; lastKnownFileType = sourcecode.swift; path = App.swift; sourceTree = "<group>"; };
		C8AA49AE084FCE1C780B17B8 /* SessionStore.swift */ = {isa = PBXFileReference; lastKnownFileType = sourcecode.swift; path = SessionStore.swift; sourceTree = "<group>"; };
		F2AACFF88BEEA610027A7F1B /* Session.swift */ = {isa = PBXFileReference; lastKnownFileType = sourcecode.swift; path = Session.swift; sourceTree = "<group>"; };
		FB790FDB36C402168E40A957 /* RecordingPanel.swift */ = {isa = PBXFileReference; lastKnownFileType = sourcecode.swift; path = RecordingPanel.swift; sourceTree = "<group>"; };
/* End PBXFileReference section */

/* Begin PBXGroup section */
		2BF0D938AD8A5EBA578CEDEA /* Products */ = {
			isa = PBXGroup;
			children = (
				304C57D1A4EA2AF9C5E89A4E /* OpenCallNotes.app */,
			);
			name = Products;
			sourceTree = "<group>";
		};
		53081760A46B57B81B275196 /* Services */ = {
			isa = PBXGroup;
			children = (
				85BA3F697A7FF80BC5E1F360 /* Preferences.swift */,
				C8AA49AE084FCE1C780B17B8 /* SessionStore.swift */,
				9E447862E9BDAFC76CC0B67E /* WorkerClient.swift */,
			);
			path = Services;
			sourceTree = "<group>";
		};
		9C6A79B44408224F34941B15 /* OpenCallNotes */ = {
			isa = PBXGroup;
			children = (
				C1A85E0D09AA40035C257CB5 /* App.swift */,
				636C292AA08B39892FB74252 /* ContentView.swift */,
				A811F2FA42772784BEF0D77C /* Info.plist */,
				982E045F6F970EE3AAA56E53 /* OpenCallNotes.entitlements */,
				C9AB96CA98BBEC1628E17CCB /* Models */,
				53081760A46B57B81B275196 /* Services */,
				B4280ABECC375A44AC2A1EE2 /* Views */,
			);
			path = OpenCallNotes;
			sourceTree = "<group>";
		};
		B4280ABECC375A44AC2A1EE2 /* Views */ = {
			isa = PBXGroup;
			children = (
				9C78C642E4928955881D5111 /* PreferencesView.swift */,
				FB790FDB36C402168E40A957 /* RecordingPanel.swift */,
				93DE69A257F0819512FD82E8 /* SessionDetailView.swift */,
				90BA07482542A758D406946E /* SessionListView.swift */,
			);
			path = Views;
			sourceTree = "<group>";
		};
		C355D2BED335FD28C6958C63 = {
			isa = PBXGroup;
			children = (
				9C6A79B44408224F34941B15 /* OpenCallNotes */,
				2BF0D938AD8A5EBA578CEDEA /* Products */,
			);
			sourceTree = "<group>";
		};
		C9AB96CA98BBEC1628E17CCB /* Models */ = {
			isa = PBXGroup;
			children = (
				4E32DEB94603B78AFF17A546 /* Device.swift */,
				F2AACFF88BEEA610027A7F1B /* Session.swift */,
				79ABD2332DF9B2BF609C249D /* Transcript.swift */,
			);
			path = Models;
			sourceTree = "<group>";
		};
/* End PBXGroup section */

/* Begin PBXNativeTarget section */
		15058119EDEDFD3CBB374C76 /* OpenCallNotes */ = {
			isa = PBXNativeTarget;
			buildConfigurationList = 7EAB9AE2E75EFF190DF9DDF5 /* Build configuration list for PBXNativeTarget "OpenCallNotes" */;
			buildPhases = (
				86DD6678D728CF7AEEF2B0CB /* Sources */,
			);
			buildRules = (
			);
			dependencies = (
			);
			name = OpenCallNotes;
			packageProductDependencies = (
			);
			productName = OpenCallNotes;
			productReference = 304C57D1A4EA2AF9C5E89A4E /* OpenCallNotes.app */;
			productType = "com.apple.product-type.application";
		};
/* End PBXNativeTarget section */

/* Begin PBXProject section */
		AC4FA728B410938A8664711A /* Project object */ = {
			isa = PBXProject;
			attributes = {
				BuildIndependentTargetsInParallel = YES;
				LastUpgradeCheck = 1430;
				TargetAttributes = {
					15058119EDEDFD3CBB374C76 = {
						ProvisioningStyle = Automatic;
					};
				};
			};
			buildConfigurationList = 04A819F067535C8F9C384D58 /* Build configuration list for PBXProject "OpenCallNotes" */;
			developmentRegion = en;
			hasScannedForEncodings = 0;
			knownRegions = (
				Base,
				en,
			);
			mainGroup = C355D2BED335FD28C6958C63;
			minimizedProjectReferenceProxies = 1;
			preferredProjectObjectVersion = 77;
			productRefGroup = 2BF0D938AD8A5EBA578CEDEA /* Products */;
			projectDirPath = "";
			projectRoot = "";
			targets = (
				15058119EDEDFD3CBB374C76 /* OpenCallNotes */,
			);
		};
/* End PBXProject section */

/* Begin PBXSourcesBuildPhase section */
		86DD6678D728CF7AEEF2B0CB /* Sources */ = {
			isa = PBXSourcesBuildPhase;
			buildActionMask = 2147483647;
			files = (
				E7453DE5A085399FC34DF457 /* App.swift in Sources */,
				4CB955BD4361FD2B4B8FEB18 /* ContentView.swift in Sources */,
				E70FB65D14AC3520FCD8F972 /* Device.swift in Sources */,
				98EFD7F3DCCDEAE739795983 /* Preferences.swift in Sources */,
				1B3939BD1EADE15A4DEE779D /* PreferencesView.swift in Sources */,
				BA8E5E3800281F78D519F5F3 /* RecordingPanel.swift in Sources */,
				F3D175F703FDE2577D318C6C /* Session.swift in Sources */,
				485CEA921693FBDE97868F5A /* SessionDetailView.swift in Sources */,
				5D4519C034A6FC9759D66DC5 /* SessionListView.swift in Sources */,
				F4143CF5DA7E2DE3EE3C4D4C /* SessionStore.swift in Sources */,
				80EBA16B443DB7B038D4A646 /* Transcript.swift in Sources */,
				F3BFE9FF434A3BAD7BD3C3F4 /* WorkerClient.swift in Sources */,
			);
			runOnlyForDeploymentPostprocessing = 0;
		};
/* End PBXSourcesBuildPhase section */

/* Begin XCBuildConfiguration section */
		19AC6FD3894F3FFF848E0751 /* Release */ = {
			isa = XCBuildConfiguration;
			buildSettings = {
				ALWAYS_SEARCH_USER_PATHS = NO;
				CLANG_ANALYZER_NONNULL = YES;
				CLANG_ANALYZER_NUMBER_OBJECT_CONVERSION = YES_AGGRESSIVE;
				CLANG_CXX_LANGUAGE_STANDARD = "gnu++14";
				CLANG_CXX_LIBRARY = "libc++";
				CLANG_ENABLE_MODULES = YES;
				CLANG_ENABLE_OBJC_ARC = YES;
				CLANG_ENABLE_OBJC_WEAK = YES;
				CLANG_WARN_BLOCK_CAPTURE_AUTORELEASING = YES;
				CLANG_WARN_BOOL_CONVERSION = YES;
				CLANG_WARN_COMMA = YES;
				CLANG_WARN_CONSTANT_CONVERSION = YES;
				CLANG_WARN_DEPRECATED_OBJC_IMPLEMENTATIONS = YES;
				CLANG_WARN_DIRECT_OBJC_ISA_USAGE = YES_ERROR;
				CLANG_WARN_DOCUMENTATION_COMMENTS = YES;
				CLANG_WARN_EMPTY_BODY = YES;
				CLANG_WARN_ENUM_CONVERSION = YES;
				CLANG_WARN_INFINITE_RECURSION = YES;
				CLANG_WARN_INT_CONVERSION = YES;
				CLANG_WARN_NON_LITERAL_NULL_CONVERSION = YES;
				CLANG_WARN_OBJC_IMPLICIT_RETAIN_SELF = YES;
				CLANG_WARN_OBJC_LITERAL_CONVERSION = YES;
				CLANG_WARN_OBJC_ROOT_CLASS = YES_ERROR;
				CLANG_WARN_QUOTED_INCLUDE_IN_FRAMEWORK_HEADER = YES;
				CLANG_WARN_RANGE_LOOP_ANALYSIS = YES;
				CLANG_WARN_STRICT_PROTOTYPES = YES;
				CLANG_WARN_SUSPICIOUS_MOVE = YES;
				CLANG_WARN_UNGUARDED_AVAILABILITY = YES_AGGRESSIVE;
				CLANG_WARN_UNREACHABLE_CODE = YES;
				CLANG_WARN__DUPLICATE_METHOD_MATCH = YES;
				CODE_SIGN_STYLE = Automatic;
				COPY_PHASE_STRIP = NO;
				CURRENT_PROJECT_VERSION = 1;
				DEBUG_INFORMATION_FORMAT = "dwarf-with-dsym";
				ENABLE_HARDENED_RUNTIME = YES;
				ENABLE_NS_ASSERTIONS = NO;
				ENABLE_STRICT_OBJC_MSGSEND = YES;
				GCC_C_LANGUAGE_STANDARD = gnu11;
				GCC_NO_COMMON_BLOCKS = YES;
				GCC_WARN_64_TO_32_BIT_CONVERSION = YES;
				GCC_WARN_ABOUT_RETURN_TYPE = YES_ERROR;
				GCC_WARN_UNDECLARED_SELECTOR = YES;
				GCC_WARN_UNINITIALIZED_AUTOS = YES_AGGRESSIVE;
				GCC_WARN_UNUSED_FUNCTION = YES;
				GCC_WARN_UNUSED_VARIABLE = YES;
				MACOSX_DEPLOYMENT_TARGET = 14.0;
				MARKETING_VERSION = 0.1.0;
				MTL_ENABLE_DEBUG_INFO = NO;
				MTL_FAST_MATH = YES;
				PRODUCT_NAME = OpenCallNotes;
				SDKROOT = macosx;
				SWIFT_COMPILATION_MODE = wholemodule;
				SWIFT_OPTIMIZATION_LEVEL = "-O";
				SWIFT_VERSION = 5.0;
			};
			name = Release;
		};
		685E5E17AC3429486ECA16FA /* Debug */ = {
			isa = XCBuildConfiguration;
			buildSettings = {
				ASSETCATALOG_COMPILER_APPICON_NAME = AppIcon;
				CODE_SIGN_ENTITLEMENTS = OpenCallNotes/OpenCallNotes.entitlements;
				COMBINE_HIDPI_IMAGES = YES;
				INFOPLIST_FILE = OpenCallNotes/Info.plist;
				LD_RUNPATH_SEARCH_PATHS = (
					"$(inherited)",
					"@executable_path/../Frameworks",
				);
				PRODUCT_BUNDLE_IDENTIFIER = org.opencallnotes.OpenCallNotes;
				SDKROOT = macosx;
			};
			name = Debug;
		};
		C527D0C7EB2841DAF3E8BE76 /* Debug */ = {
			isa = XCBuildConfiguration;
			buildSettings = {
				ALWAYS_SEARCH_USER_PATHS = NO;
				CLANG_ANALYZER_NONNULL = YES;
				CLANG_ANALYZER_NUMBER_OBJECT_CONVERSION = YES_AGGRESSIVE;
				CLANG_CXX_LANGUAGE_STANDARD = "gnu++14";
				CLANG_CXX_LIBRARY = "libc++";
				CLANG_ENABLE_MODULES = YES;
				CLANG_ENABLE_OBJC_ARC = YES;
				CLANG_ENABLE_OBJC_WEAK = YES;
				CLANG_WARN_BLOCK_CAPTURE_AUTORELEASING = YES;
				CLANG_WARN_BOOL_CONVERSION = YES;
				CLANG_WARN_COMMA = YES;
				CLANG_WARN_CONSTANT_CONVERSION = YES;
				CLANG_WARN_DEPRECATED_OBJC_IMPLEMENTATIONS = YES;
				CLANG_WARN_DIRECT_OBJC_ISA_USAGE = YES_ERROR;
				CLANG_WARN_DOCUMENTATION_COMMENTS = YES;
				CLANG_WARN_EMPTY_BODY = YES;
				CLANG_WARN_ENUM_CONVERSION = YES;
				CLANG_WARN_INFINITE_RECURSION = YES;
				CLANG_WARN_INT_CONVERSION = YES;
				CLANG_WARN_NON_LITERAL_NULL_CONVERSION = YES;
				CLANG_WARN_OBJC_IMPLICIT_RETAIN_SELF = YES;
				CLANG_WARN_OBJC_LITERAL_CONVERSION = YES;
				CLANG_WARN_OBJC_ROOT_CLASS = YES_ERROR;
				CLANG_WARN_QUOTED_INCLUDE_IN_FRAMEWORK_HEADER = YES;
				CLANG_WARN_RANGE_LOOP_ANALYSIS = YES;
				CLANG_WARN_STRICT_PROTOTYPES = YES;
				CLANG_WARN_SUSPICIOUS_MOVE = YES;
				CLANG_WARN_UNGUARDED_AVAILABILITY = YES_AGGRESSIVE;
				CLANG_WARN_UNREACHABLE_CODE = YES;
				CLANG_WARN__DUPLICATE_METHOD_MATCH = YES;
				CODE_SIGN_STYLE = Automatic;
				COPY_PHASE_STRIP = NO;
				CURRENT_PROJECT_VERSION = 1;
				DEBUG_INFORMATION_FORMAT = dwarf;
				ENABLE_HARDENED_RUNTIME = YES;
				ENABLE_STRICT_OBJC_MSGSEND = YES;
				ENABLE_TESTABILITY = YES;
				GCC_C_LANGUAGE_STANDARD = gnu11;
				GCC_DYNAMIC_NO_PIC = NO;
				GCC_NO_COMMON_BLOCKS = YES;
				GCC_OPTIMIZATION_LEVEL = 0;
				GCC_PREPROCESSOR_DEFINITIONS = (
					"$(inherited)",
					"DEBUG=1",
				);
				GCC_WARN_64_TO_32_BIT_CONVERSION = YES;
				GCC_WARN_ABOUT_RETURN_TYPE = YES_ERROR;
				GCC_WARN_UNDECLARED_SELECTOR = YES;
				GCC_WARN_UNINITIALIZED_AUTOS = YES_AGGRESSIVE;
				GCC_WARN_UNUSED_FUNCTION = YES;
				GCC_WARN_UNUSED_VARIABLE = YES;
				MACOSX_DEPLOYMENT_TARGET = 14.0;
				MARKETING_VERSION = 0.1.0;
				MTL_ENABLE_DEBUG_INFO = INCLUDE_SOURCE;
				MTL_FAST_MATH = YES;
				ONLY_ACTIVE_ARCH = YES;
				PRODUCT_NAME = OpenCallNotes;
				SDKROOT = macosx;
				SWIFT_ACTIVE_COMPILATION_CONDITIONS = DEBUG;
				SWIFT_OPTIMIZATION_LEVEL = "-Onone";
				SWIFT_VERSION = 5.0;
			};
			name = Debug;
		};
		E53D4091754DD212D5CCC358 /* Release */ = {
			isa = XCBuildConfiguration;
			buildSettings = {
				ASSETCATALOG_COMPILER_APPICON_NAME = AppIcon;
				CODE_SIGN_ENTITLEMENTS = OpenCallNotes/OpenCallNotes.entitlements;
				COMBINE_HIDPI_IMAGES = YES;
				INFOPLIST_FILE = OpenCallNotes/Info.plist;
				LD_RUNPATH_SEARCH_PATHS = (
					"$(inherited)",
					"@executable_path/../Frameworks",
				);
				PRODUCT_BUNDLE_IDENTIFIER = org.opencallnotes.OpenCallNotes;
				SDKROOT = macosx;
			};
			name = Release;
		};
/* End XCBuildConfiguration section */

/* Begin XCConfigurationList section */
		04A819F067535C8F9C384D58 /* Build configuration list for PBXProject "OpenCallNotes" */ = {
			isa = XCConfigurationList;
			buildConfigurations = (
				C527D0C7EB2841DAF3E8BE76 /* Debug */,
				19AC6FD3894F3FFF848E0751 /* Release */,
			);
			defaultConfigurationIsVisible = 0;
			defaultConfigurationName = Debug;
		};
		7EAB9AE2E75EFF190DF9DDF5 /* Build configuration list for PBXNativeTarget "OpenCallNotes" */ = {
			isa = XCConfigurationList;
			buildConfigurations = (
				685E5E17AC3429486ECA16FA /* Debug */,
				E53D4091754DD212D5CCC358 /* Release */,
			);
			defaultConfigurationIsVisible = 0;
			defaultConfigurationName = Debug;
		};
/* End XCConfigurationList section */
	};
	rootObject = AC4FA728B410938A8664711A /* Project object */;
}
